// !$*UTF8*$!
{
	archiveVersion = 1;
	classes = {
	};
	objectVersion = 46;
	objects = {

/* Begin PBXBuildFile section */
		DB22C0AB1CA39C1B0070120F /* BrushSizeView.swift in Sources */ = {isa = PBXBuildFile; fileRef = DB22C0AA1CA39C1B0070120F /* BrushSizeView.swift */; };
		DB2FB0CB1CBDC9DC00E1CB7A /* Line.swift in Sources */ = {isa = PBXBuildFile; fileRef = DB2FB0CA1CBDC9DC00E1CB7A /* Line.swift */; };
		DB9F73451CA35C7F00F431C0 /* EraseCustomButton.swift in Sources */ = {isa = PBXBuildFile; fileRef = DB9F73441CA35C7F00F431C0 /* EraseCustomButton.swift */; };
		DBCDBB131CA1B23700817F24 /* AppDelegate.swift in Sources */ = {isa = PBXBuildFile; fileRef = DBCDBB121CA1B23700817F24 /* AppDelegate.swift */; };
		DBCDBB151CA1B23700817F24 /* EaselViewController.swift in Sources */ = {isa = PBXBuildFile; fileRef = DBCDBB141CA1B23700817F24 /* EaselViewController.swift */; };
		DBCDBB181CA1B23700817F24 /* Main.storyboard in Resources */ = {isa = PBXBuildFile; fileRef = DBCDBB161CA1B23700817F24 /* Main.storyboard */; };
		DBCDBB1A1CA1B23700817F24 /* Assets.xcassets in Resources */ = {isa = PBXBuildFile; fileRef = DBCDBB191CA1B23700817F24 /* Assets.xcassets */; };
		DBCDBB1D1CA1B23700817F24 /* LaunchScreen.storyboard in Resources */ = {isa = PBXBuildFile; fileRef = DBCDBB1B1CA1B23700817F24 /* LaunchScreen.storyboard */; };
		DBCDBB271CA1BBCB00817F24 /* CustomColorButton.swift in Sources */ = {isa = PBXBuildFile; fileRef = DBCDBB261CA1BBCB00817F24 /* CustomColorButton.swift */; };
		DBF8EB461CA45A4A00F7147E /* ColorExtensions.swift in Sources */ = {isa = PBXBuildFile; fileRef = DBF8EB451CA45A4A00F7147E /* ColorExtensions.swift */; };
/* End PBXBuildFile section */

/* Begin PBXFileReference section */
		DB22C0AA1CA39C1B0070120F /* BrushSizeView.swift */ = {isa = PBXFileReference; fileEncoding = 4; lastKnownFileType = sourcecode.swift; path = BrushSizeView.swift; sourceTree = "<group>"; };
		DB2FB0CA1CBDC9DC00E1CB7A /* Line.swift */ = {isa = PBXFileReference; fileEncoding = 4; lastKnownFileType = sourcecode.swift; path = Line.swift; sourceTree = "<group>"; };
		DB9F73441CA35C7F00F431C0 /* EraseCustomButton.swift */ = {isa = PBXFileReference; fileEncoding = 4; lastKnownFileType = sourcecode.swift; name = EraseCustomButton.swift; path = ../EraseCustomButton.swift; sourceTree = "<group>"; };
		DBCDBB0F1CA1B23700817F24 /* Easel.app */ = {isa = PBXFileReference; explicitFileType = wrapper.application; includeInIndex = 0; path = Easel.app; sourceTree = BUILT_PRODUCTS_DIR; };
		DBCDBB121CA1B23700817F24 /* AppDelegate.swift */ = {isa = PBXFileReference; lastKnownFileType = sourcecode.swift; path = AppDelegate.swift; sourceTree = "<group>"; };
		DBCDBB141CA1B23700817F24 /* EaselViewController.swift */ = {isa = PBXFileReference; lastKnownFileType = sourcecode.swift; path = EaselViewController.swift; sourceTree = "<group>"; };
		DBCDBB171CA1B23700817F24 /* Base */ = {isa = PBXFileReference; lastKnownFileType = file.storyboard; name = Base; path = Base.lproj/Main.storyboard; sourceTree = "<group>"; };
		DBCDBB191CA1B23700817F24 /* Assets.xcassets */ = {isa = PBXFileReference; lastKnownFileType = folder.assetcatalog; path = Assets.xcassets; sourceTree = "<group>"; };
		DBCDBB1C1CA1B23700817F24 /* Base */ = {isa = PBXFileReference; lastKnownFileType = file.storyboard; name = Base; path = Base.lproj/LaunchScreen.storyboard; sourceTree = "<group>"; };
		DBCDBB1E1CA1B23700817F24 /* Info.plist */ = {isa = PBXFileReference; lastKnownFileType = text.plist.xml; path = Info.plist; sourceTree = "<group>"; };
		DBCDBB261CA1BBCB00817F24 /* CustomColorButton.swift */ = {isa = PBXFileReference; fileEncoding = 4; lastKnownFileType = sourcecode.swift; path = CustomColorButton.swift; sourceTree = "<group>"; };
		DBF8EB451CA45A4A00F7147E /* ColorExtensions.swift */ = {isa = PBXFileReference; fileEncoding = 4; lastKnownFileType = sourcecode.swift; path = ColorExtensions.swift; sourceTree = "<group>"; };
/* End PBXFileReference section */

/* Begin PBXFrameworksBuildPhase section */
		DBCDBB0C1CA1B23700817F24 /* Frameworks */ = {
			isa = PBXFrameworksBuildPhase;
			buildActionMask = 2147483647;
			files = (
			);
			runOnlyForDeploymentPostprocessing = 0;
		};
/* End PBXFrameworksBuildPhase section */

/* Begin PBXGroup section */
		DBCDBB061CA1B23700817F24 = {
			isa = PBXGroup;
			children = (
				DBCDBB111CA1B23700817F24 /* Easel */,
				DBCDBB101CA1B23700817F24 /* Products */,
			);
			sourceTree = "<group>";
		};
		DBCDBB101CA1B23700817F24 /* Products */ = {
			isa = PBXGroup;
			children = (
				DBCDBB0F1CA1B23700817F24 /* Easel.app */,
			);
			name = Products;
			sourceTree = "<group>";
		};
		DBCDBB111CA1B23700817F24 /* Easel */ = {
			isa = PBXGroup;
			children = (
				DBCDBB121CA1B23700817F24 /* AppDelegate.swift */,
				DBCDBB141CA1B23700817F24 /* EaselViewController.swift */,
				DB2FB0CA1CBDC9DC00E1CB7A /* Line.swift */,
				DB9F73441CA35C7F00F431C0 /* EraseCustomButton.swift */,
				DBCDBB161CA1B23700817F24 /* Main.storyboard */,
				DBF8EB451CA45A4A00F7147E /* ColorExtensions.swift */,
				DB22C0AA1CA39C1B0070120F /* BrushSizeView.swift */,
				DBCDBB191CA1B23700817F24 /* Assets.xcassets */,
				DBCDBB1B1CA1B23700817F24 /* LaunchScreen.storyboard */,
				DBCDBB1E1CA1B23700817F24 /* Info.plist */,
				DBCDBB261CA1BBCB00817F24 /* CustomColorButton.swift */,
			);
			path = Easel;
			sourceTree = "<group>";
		};
/* End PBXGroup section */

/* Begin PBXNativeTarget section */
		DBCDBB0E1CA1B23700817F24 /* Easel */ = {
			isa = PBXNativeTarget;
			buildConfigurationList = DBCDBB211CA1B23700817F24 /* Build configuration list for PBXNativeTarget "Easel" */;
			buildPhases = (
				DBCDBB0B1CA1B23700817F24 /* Sources */,
				DBCDBB0C1CA1B23700817F24 /* Frameworks */,
				DBCDBB0D1CA1B23700817F24 /* Resources */,
			);
			buildRules = (
			);
			dependencies = (
			);
			name = Easel;
			productName = Easel;
			productReference = DBCDBB0F1CA1B23700817F24 /* Easel.app */;
			productType = "com.apple.product-type.application";
		};
/* End PBXNativeTarget section */

/* Begin PBXProject section */
		DBCDBB071CA1B23700817F24 /* Project object */ = {
			isa = PBXProject;
			attributes = {
				LastSwiftUpdateCheck = 0720;
				LastUpgradeCheck = 0720;
				ORGANIZATIONNAME = "Justin Smith";
				TargetAttributes = {
					DBCDBB0E1CA1B23700817F24 = {
						CreatedOnToolsVersion = 7.2.1;
					};
				};
			};
			buildConfigurationList = DBCDBB0A1CA1B23700817F24 /* Build configuration list for PBXProject "Easel" */;
			compatibilityVersion = "Xcode 3.2";
			developmentRegion = English;
			hasScannedForEncodings = 0;
			knownRegions = (
				en,
				Base,
			);
			mainGroup = DBCDBB061CA1B23700817F24;
			productRefGroup = DBCDBB101CA1B23700817F24 /* Products */;
			projectDirPath = "";
			projectRoot = "";
			targets = (
				DBCDBB0E1CA1B23700817F24 /* Easel */,
			);
		};
/* End PBXProject section */

/* Begin PBXResourcesBuildPhase section */
		DBCDBB0D1CA1B23700817F24 /* Resources */ = {
			isa = PBXResourcesBuildPhase;
			buildActionMask = 2147483647;
			files = (
				DBCDBB1D1CA1B23700817F24 /* LaunchScreen.storyboard in Resources */,
				DBCDBB1A1CA1B23700817F24 /* Assets.xcassets in Resources */,
				DBCDBB181CA1B23700817F24 /* Main.storyboard in Resources */,
			);
			runOnlyForDeploymentPostprocessing = 0;
		};
/* End PBXResourcesBuildPhase section */

/* Begin PBXSourcesBuildPhase section */
		DBCDBB0B1CA1B23700817F24 /* Sources */ = {
			isa = PBXSourcesBuildPhase;
			buildActionMask = 2147483647;
			files = (
				DB22C0AB1CA39C1B0070120F /* BrushSizeView.swift in Sources */,
				DBCDBB271CA1BBCB00817F24 /* CustomColorButton.swift in Sources */,
				DBCDBB151CA1B23700817F24 /* EaselViewController.swift in Sources */,
				DBCDBB131CA1B23700817F24 /* AppDelegate.swift in Sources */,
				DB9F73451CA35C7F00F431C0 /* EraseCustomButton.swift in Sources */,
				DB2FB0CB1CBDC9DC00E1CB7A /* Line.swift in Sources */,
				DBF8EB461CA45A4A00F7147E /* ColorExtensions.swift in Sources */,
			);
			runOnlyForDeploymentPostprocessing = 0;
		};
/* End PBXSourcesBuildPhase section */

/* Begin PBXVariantGroup section */
		DBCDBB161CA1B23700817F24 /* Main.storyboard */ = {
			isa = PBXVariantGroup;
			children = (
				DBCDBB171CA1B23700817F24 /* Base */,
			);
			name = Main.storyboard;
			sourceTree = "<group>";
		};
		DBCDBB1B1CA1B23700817F24 /* LaunchScreen.storyboard */ = {
			isa = PBXVariantGroup;
			children = (
				DBCDBB1C1CA1B23700817F24 /* Base */,
			);
			name = LaunchScreen.storyboard;
			sourceTree = "<group>";
		};
/* End PBXVariantGroup section */

/* Begin XCBuildConfiguration section */
		DBCDBB1F1CA1B23700817F24 /* Debug */ = {
			isa = XCBuildConfiguration;
			buildSettings = {
				ALWAYS_SEARCH_USER_PATHS = NO;
				CLANG_CXX_LANGUAGE_STANDARD = "gnu++0x";
				CLANG_CXX_LIBRARY = "libc++";
				CLANG_ENABLE_MODULES = YES;
				CLANG_ENABLE_OBJC_ARC = YES;
				CLANG_WARN_BOOL_CONVERSION = YES;
				CLANG_WARN_CONSTANT_CONVERSION = YES;
				CLANG_WARN_DIRECT_OBJC_ISA_USAGE = YES_ERROR;
				CLANG_WARN_EMPTY_BODY = YES;
				CLANG_WARN_ENUM_CONVERSION = YES;
				CLANG_WARN_INT_CONVERSION = YES;
				CLANG_WARN_OBJC_ROOT_CLASS = YES_ERROR;
				CLANG_WARN_UNREACHABLE_CODE = YES;
				CLANG_WARN__DUPLICATE_METHOD_MATCH = YES;
				"CODE_SIGN_IDENTITY[sdk=iphoneos*]" = "iPhone Developer";
				COPY_PHASE_STRIP = NO;
				DEBUG_INFORMATION_FORMAT = dwarf;
				ENABLE_STRICT_OBJC_MSGSEND = YES;
				ENABLE_TESTABILITY = YES;
				GCC_C_LANGUAGE_STANDARD = gnu99;
				GCC_DYNAMIC_NO_PIC = NO;
				GCC_NO_COMMON_BLOCKS = YES;
				GCC_OPTIMIZATION_LEVEL = 0;
				GCC_PREPROCESSOR_DEFINITIONS = (
					"DEBUG=1",
					"$(inherited)",
				);
				GCC_WARN_64_TO_32_BIT_CONVERSION = YES;
				GCC_WARN_ABOUT_RETURN_TYPE = YES_ERROR;
				GCC_WARN_UNDECLARED_SELECTOR = YES;
				GCC_WARN_UNINITIALIZED_AUTOS = YES_AGGRESSIVE;
				GCC_WARN_UNUSED_FUNCTION = YES;
				GCC_WARN_UNUSED_VARIABLE = YES;
				IPHONEOS_DEPLOYMENT_TARGET = 9.2;
				MTL_ENABLE_DEBUG_INFO = YES;
				ONLY_ACTIVE_ARCH = YES;
				SDKROOT = iphoneos;
				SWIFT_OPTIMIZATION_LEVEL = "-Onone";
			};
			name = Debug;
		};
		DBCDBB201CA1B23700817F24 /* Release */ = {
			isa = XCBuildConfiguration;
			buildSettings = {
				ALWAYS_SEARCH_USER_PATHS = NO;
				CLANG_CXX_LANGUAGE_STANDARD = "gnu++0x";
				CLANG_CXX_LIBRARY = "libc++";
				CLANG_ENABLE_MODULES = YES;
				CLANG_ENABLE_OBJC_ARC = YES;
				CLANG_WARN_BOOL_CONVERSION = YES;
				CLANG_WARN_CONSTANT_CONVERSION = YES;
				CLANG_WARN_DIRECT_OBJC_ISA_USAGE = YES_ERROR;
				CLANG_WARN_EMPTY_BODY = YES;
				CLANG_WARN_ENUM_CONVERSION = YES;
				CLANG_WARN_INT_CONVERSION = YES;
				CLANG_WARN_OBJC_ROOT_CLASS = YES_ERROR;
				CLANG_WARN_UNREACHABLE_CODE = YES;
				CLANG_WARN__DUPLICATE_METHOD_MATCH = YES;
				"CODE_SIGN_IDENTITY[sdk=iphoneos*]" = "iPhone Developer";
				COPY_PHASE_STRIP = NO;
				DEBUG_INFORMATION_FORMAT = "dwarf-with-dsym";
				ENABLE_NS_ASSERTIONS = NO;
				ENABLE_STRICT_OBJC_MSGSEND = YES;
				GCC_C_LANGUAGE_STANDARD = gnu99;
				GCC_NO_COMMON_BLOCKS = YES;
				GCC_WARN_64_TO_32_BIT_CONVERSION = YES;
				GCC_WARN_ABOUT_RETURN_TYPE = YES_ERROR;
				GCC_WARN_UNDECLARED_SELECTOR = YES;
				GCC_WARN_UNINITIALIZED_AUTOS = YES_AGGRESSIVE;
				GCC_WARN_UNUSED_FUNCTION = YES;
				GCC_WARN_UNUSED_VARIABLE = YES;
				IPHONEOS_DEPLOYMENT_TARGET = 9.2;
				MTL_ENABLE_DEBUG_INFO = NO;
				SDKROOT = iphoneos;
				VALIDATE_PRODUCT = YES;
			};
			name = Release;
		};
		DBCDBB221CA1B23700817F24 /* Debug */ = {
			isa = XCBuildConfiguration;
			buildSettings = {
				ASSETCATALOG_COMPILER_APPICON_NAME = AppIcon;
				INFOPLIST_FILE = Easel/Info.plist;
				LD_RUNPATH_SEARCH_PATHS = "$(inherited) @executable_path/Frameworks";
				PRODUCT_BUNDLE_IDENTIFIER = com.orioncode.easel;
				PRODUCT_NAME = "$(TARGET_NAME)";
				TARGETED_DEVICE_FAMILY = 1;
			};
			name = Debug;
		};
		DBCDBB231CA1B23700817F24 /* Release */ = {
			isa = XCBuildConfiguration;
			buildSettings = {
				ASSETCATALOG_COMPILER_APPICON_NAME = AppIcon;
				INFOPLIST_FILE = Easel/Info.plist;
				LD_RUNPATH_SEARCH_PATHS = "$(inherited) @executable_path/Frameworks";
				PRODUCT_BUNDLE_IDENTIFIER = com.orioncode.easel;
				PRODUCT_NAME = "$(TARGET_NAME)";
				TARGETED_DEVICE_FAMILY = 1;
			};
			name = Release;
		};
/* End XCBuildConfiguration section */

/* Begin XCConfigurationList section */
		DBCDBB0A1CA1B23700817F24 /* Build configuration list for PBXProject "Easel" */ = {
			isa = XCConfigurationList;
			buildConfigurations = (
				DBCDBB1F1CA1B23700817F24 /* Debug */,
				DBCDBB201CA1B23700817F24 /* Release */,
			);
			defaultConfigurationIsVisible = 0;
			defaultConfigurationName = Release;
		};
		DBCDBB211CA1B23700817F24 /* Build configuration list for PBXNativeTarget "Easel" */ = {
			isa = XCConfigurationList;
			buildConfigurations = (
				DBCDBB221CA1B23700817F24 /* Debug */,
				DBCDBB231CA1B23700817F24 /* Release */,
			);
			defaultConfigurationIsVisible = 0;
			defaultConfigurationName = Release;
		};
/* End XCConfigurationList section */
	};
	rootObject = DBCDBB071CA1B23700817F24 /* Project object */;
}
